// !$*UTF8*$!
{
	archiveVersion = 1;
	classes = {
	};
	objectVersion = 77;
	objects = {

/* Begin PBXBuildFile section */
		80E55DD407D426C6A2D66381 /* Pods_IOSJenkinsFastlane.framework in Frameworks */ = {isa = PBXBuildFile; fileRef = A81878EEE59DE1C829F6754C /* Pods_IOSJenkinsFastlane.framework */; };
		D03A58655C8AE766B826DE30 /* Pods_IOSJenkinsFastlane_IOSJenkinsFastlaneUITests.framework in Frameworks */ = {isa = PBXBuildFile; fileRef = B0D6CA3C7ACAB709B08CE46B /* Pods_IOSJenkinsFastlane_IOSJenkinsFastlaneUITests.framework */; };
		FF8B3B11496E2E091422E365 /* Pods_IOSJenkinsFastlaneTests.framework in Frameworks */ = {isa = PBXBuildFile; fileRef = C9E170E23988FE2E5E591DA0 /* Pods_IOSJenkinsFastlaneTests.framework */; };
/* End PBXBuildFile section */

/* Begin PBXContainerItemProxy section */
		74D36F6F2D0A339A00613E1A /* PBXContainerItemProxy */ = {
			isa = PBXContainerItemProxy;
			containerPortal = 74D36F502D0A339700613E1A /* Project object */;
			proxyType = 1;
			remoteGlobalIDString = 74D36F572D0A339700613E1A;
			remoteInfo = IOSJenkinsFastlane;
		};
		74D36F792D0A339A00613E1A /* PBXContainerItemProxy */ = {
			isa = PBXContainerItemProxy;
			containerPortal = 74D36F502D0A339700613E1A /* Project object */;
			proxyType = 1;
			remoteGlobalIDString = 74D36F572D0A339700613E1A;
			remoteInfo = IOSJenkinsFastlane;
		};
/* End PBXContainerItemProxy section */

/* Begin PBXFileReference section */
		0257AAD99A777A1642DFF234 /* Pods-IOSJenkinsFastlane-IOSJenkinsFastlaneUITests.release.xcconfig */ = {isa = PBXFileReference; includeInIndex = 1; lastKnownFileType = text.xcconfig; name = "Pods-IOSJenkinsFastlane-IOSJenkinsFastlaneUITests.release.xcconfig"; path = "Target Support Files/Pods-IOSJenkinsFastlane-IOSJenkinsFastlaneUITests/Pods-IOSJenkinsFastlane-IOSJenkinsFastlaneUITests.release.xcconfig"; sourceTree = "<group>"; };
		430B6795DEC016D111FF18AF /* Pods-IOSJenkinsFastlaneTests.debug.xcconfig */ = {isa = PBXFileReference; includeInIndex = 1; lastKnownFileType = text.xcconfig; name = "Pods-IOSJenkinsFastlaneTests.debug.xcconfig"; path = "Target Support Files/Pods-IOSJenkinsFastlaneTests/Pods-IOSJenkinsFastlaneTests.debug.xcconfig"; sourceTree = "<group>"; };
		74D36F582D0A339700613E1A /* IOSJenkinsFastlane.app */ = {isa = PBXFileReference; explicitFileType = wrapper.application; includeInIndex = 0; path = IOSJenkinsFastlane.app; sourceTree = BUILT_PRODUCTS_DIR; };
		74D36F6E2D0A339A00613E1A /* IOSJenkinsFastlaneTests.xctest */ = {isa = PBXFileReference; explicitFileType = wrapper.cfbundle; includeInIndex = 0; path = IOSJenkinsFastlaneTests.xctest; sourceTree = BUILT_PRODUCTS_DIR; };
		74D36F782D0A339A00613E1A /* IOSJenkinsFastlaneUITests.xctest */ = {isa = PBXFileReference; explicitFileType = wrapper.cfbundle; includeInIndex = 0; path = IOSJenkinsFastlaneUITests.xctest; sourceTree = BUILT_PRODUCTS_DIR; };
		8C822F4FCCA0A8CEADEB19AF /* Pods-IOSJenkinsFastlaneTests.release.xcconfig */ = {isa = PBXFileReference; includeInIndex = 1; lastKnownFileType = text.xcconfig; name = "Pods-IOSJenkinsFastlaneTests.release.xcconfig"; path = "Target Support Files/Pods-IOSJenkinsFastlaneTests/Pods-IOSJenkinsFastlaneTests.release.xcconfig"; sourceTree = "<group>"; };
		A81878EEE59DE1C829F6754C /* Pods_IOSJenkinsFastlane.framework */ = {isa = PBXFileReference; explicitFileType = wrapper.framework; includeInIndex = 0; path = Pods_IOSJenkinsFastlane.framework; sourceTree = BUILT_PRODUCTS_DIR; };
		B0D6CA3C7ACAB709B08CE46B /* Pods_IOSJenkinsFastlane_IOSJenkinsFastlaneUITests.framework */ = {isa = PBXFileReference; explicitFileType = wrapper.framework; includeInIndex = 0; path = Pods_IOSJenkinsFastlane_IOSJenkinsFastlaneUITests.framework; sourceTree = BUILT_PRODUCTS_DIR; };
		B8BEFA253D43D569F4F43C96 /* Pods-IOSJenkinsFastlane.debug.xcconfig */ = {isa = PBXFileReference; includeInIndex = 1; lastKnownFileType = text.xcconfig; name = "Pods-IOSJenkinsFastlane.debug.xcconfig"; path = "Target Support Files/Pods-IOSJenkinsFastlane/Pods-IOSJenkinsFastlane.debug.xcconfig"; sourceTree = "<group>"; };
		C9E170E23988FE2E5E591DA0 /* Pods_IOSJenkinsFastlaneTests.framework */ = {isa = PBXFileReference; explicitFileType = wrapper.framework; includeInIndex = 0; path = Pods_IOSJenkinsFastlaneTests.framework; sourceTree = BUILT_PRODUCTS_DIR; };
		E1386893FCEB6EBA62EE5D65 /* Pods-IOSJenkinsFastlane-IOSJenkinsFastlaneUITests.debug.xcconfig */ = {isa = PBXFileReference; includeInIndex = 1; lastKnownFileType = text.xcconfig; name = "Pods-IOSJenkinsFastlane-IOSJenkinsFastlaneUITests.debug.xcconfig"; path = "Target Support Files/Pods-IOSJenkinsFastlane-IOSJenkinsFastlaneUITests/Pods-IOSJenkinsFastlane-IOSJenkinsFastlaneUITests.debug.xcconfig"; sourceTree = "<group>"; };
		F7484E47F03ACCB421E20908 /* Pods-IOSJenkinsFastlane.release.xcconfig */ = {isa = PBXFileReference; includeInIndex = 1; lastKnownFileType = text.xcconfig; name = "Pods-IOSJenkinsFastlane.release.xcconfig"; path = "Target Support Files/Pods-IOSJenkinsFastlane/Pods-IOSJenkinsFastlane.release.xcconfig"; sourceTree = "<group>"; };
/* End PBXFileReference section */

/* Begin PBXFileSystemSynchronizedBuildFileExceptionSet section */
		74D36F802D0A339A00613E1A /* Exceptions for "IOSJenkinsFastlane" folder in "IOSJenkinsFastlane" target */ = {
			isa = PBXFileSystemSynchronizedBuildFileExceptionSet;
			membershipExceptions = (
				Info.plist,
			);
			target = 74D36F572D0A339700613E1A /* IOSJenkinsFastlane */;
		};
/* End PBXFileSystemSynchronizedBuildFileExceptionSet section */

/* Begin PBXFileSystemSynchronizedRootGroup section */
		74D36F5A2D0A339700613E1A /* IOSJenkinsFastlane */ = {
			isa = PBXFileSystemSynchronizedRootGroup;
			exceptions = (
				74D36F802D0A339A00613E1A /* Exceptions for "IOSJenkinsFastlane" folder in "IOSJenkinsFastlane" target */,
			);
			path = IOSJenkinsFastlane;
			sourceTree = "<group>";
		};
		74D36F712D0A339A00613E1A /* IOSJenkinsFastlaneTests */ = {
			isa = PBXFileSystemSynchronizedRootGroup;
			exceptions = (
			);
			path = IOSJenkinsFastlaneTests;
			sourceTree = "<group>";
		};
		74D36F7B2D0A339A00613E1A /* IOSJenkinsFastlaneUITests */ = {
			isa = PBXFileSystemSynchronizedRootGroup;
			exceptions = (
			);
			path = IOSJenkinsFastlaneUITests;
			sourceTree = "<group>";
		};
/* End PBXFileSystemSynchronizedRootGroup section */

/* Begin PBXFrameworksBuildPhase section */
		74D36F552D0A339700613E1A /* Frameworks */ = {
			isa = PBXFrameworksBuildPhase;
			buildActionMask = 2147483647;
			files = (
				80E55DD407D426C6A2D66381 /* Pods_IOSJenkinsFastlane.framework in Frameworks */,
			);
			runOnlyForDeploymentPostprocessing = 0;
		};
		74D36F6B2D0A339A00613E1A /* Frameworks */ = {
			isa = PBXFrameworksBuildPhase;
			buildActionMask = 2147483647;
			files = (
				FF8B3B11496E2E091422E365 /* Pods_IOSJenkinsFastlaneTests.framework in Frameworks */,
			);
			runOnlyForDeploymentPostprocessing = 0;
		};
		74D36F752D0A339A00613E1A /* Frameworks */ = {
			isa = PBXFrameworksBuildPhase;
			buildActionMask = 2147483647;
			files = (
				D03A58655C8AE766B826DE30 /* Pods_IOSJenkinsFastlane_IOSJenkinsFastlaneUITests.framework in Frameworks */,
			);
			runOnlyForDeploymentPostprocessing = 0;
		};
/* End PBXFrameworksBuildPhase section */

/* Begin PBXGroup section */
		74D36F4F2D0A339700613E1A = {
			isa = PBXGroup;
			children = (
				74D36F5A2D0A339700613E1A /* IOSJenkinsFastlane */,
				74D36F712D0A339A00613E1A /* IOSJenkinsFastlaneTests */,
				74D36F7B2D0A339A00613E1A /* IOSJenkinsFastlaneUITests */,
				74D36F592D0A339700613E1A /* Products */,
				FCD3F3C96E63AD2461ECEFD7 /* Pods */,
				E8D3F4FF9F0446F0E1DF4700 /* Frameworks */,
			);
			sourceTree = "<group>";
		};
		74D36F592D0A339700613E1A /* Products */ = {
			isa = PBXGroup;
			children = (
				74D36F582D0A339700613E1A /* IOSJenkinsFastlane.app */,
				74D36F6E2D0A339A00613E1A /* IOSJenkinsFastlaneTests.xctest */,
				74D36F782D0A339A00613E1A /* IOSJenkinsFastlaneUITests.xctest */,
			);
			name = Products;
			sourceTree = "<group>";
		};
		E8D3F4FF9F0446F0E1DF4700 /* Frameworks */ = {
			isa = PBXGroup;
			children = (
				A81878EEE59DE1C829F6754C /* Pods_IOSJenkinsFastlane.framework */,
				B0D6CA3C7ACAB709B08CE46B /* Pods_IOSJenkinsFastlane_IOSJenkinsFastlaneUITests.framework */,
				C9E170E23988FE2E5E591DA0 /* Pods_IOSJenkinsFastlaneTests.framework */,
			);
			name = Frameworks;
			sourceTree = "<group>";
		};
		FCD3F3C96E63AD2461ECEFD7 /* Pods */ = {
			isa = PBXGroup;
			children = (
				B8BEFA253D43D569F4F43C96 /* Pods-IOSJenkinsFastlane.debug.xcconfig */,
				F7484E47F03ACCB421E20908 /* Pods-IOSJenkinsFastlane.release.xcconfig */,
				E1386893FCEB6EBA62EE5D65 /* Pods-IOSJenkinsFastlane-IOSJenkinsFastlaneUITests.debug.xcconfig */,
				0257AAD99A777A1642DFF234 /* Pods-IOSJenkinsFastlane-IOSJenkinsFastlaneUITests.release.xcconfig */,
				430B6795DEC016D111FF18AF /* Pods-IOSJenkinsFastlaneTests.debug.xcconfig */,
				8C822F4FCCA0A8CEADEB19AF /* Pods-IOSJenkinsFastlaneTests.release.xcconfig */,
			);
			name = Pods;
			path = Pods;
			sourceTree = "<group>";
		};
/* End PBXGroup section */

/* Begin PBXNativeTarget section */
		74D36F572D0A339700613E1A /* IOSJenkinsFastlane */ = {
			isa = PBXNativeTarget;
			buildConfigurationList = 74D36F812D0A339A00613E1A /* Build configuration list for PBXNativeTarget "IOSJenkinsFastlane" */;
			buildPhases = (
				477CC26E85643DAD8A9D506C /* [CP] Check Pods Manifest.lock */,
				74D36F542D0A339700613E1A /* Sources */,
				74D36F552D0A339700613E1A /* Frameworks */,
				74D36F562D0A339700613E1A /* Resources */,
			);
			buildRules = (
			);
			dependencies = (
			);
			fileSystemSynchronizedGroups = (
				74D36F5A2D0A339700613E1A /* IOSJenkinsFastlane */,
			);
			name = IOSJenkinsFastlane;
			productName = IOSJenkinsFastlane;
			productReference = 74D36F582D0A339700613E1A /* IOSJenkinsFastlane.app */;
			productType = "com.apple.product-type.application";
		};
		74D36F6D2D0A339A00613E1A /* IOSJenkinsFastlaneTests */ = {
			isa = PBXNativeTarget;
			buildConfigurationList = 74D36F862D0A339A00613E1A /* Build configuration list for PBXNativeTarget "IOSJenkinsFastlaneTests" */;
			buildPhases = (
				4CA427FF49AE452B4B97EC55 /* [CP] Check Pods Manifest.lock */,
				74D36F6A2D0A339A00613E1A /* Sources */,
				74D36F6B2D0A339A00613E1A /* Frameworks */,
				74D36F6C2D0A339A00613E1A /* Resources */,
			);
			buildRules = (
			);
			dependencies = (
				74D36F702D0A339A00613E1A /* PBXTargetDependency */,
			);
			fileSystemSynchronizedGroups = (
				74D36F712D0A339A00613E1A /* IOSJenkinsFastlaneTests */,
			);
			name = IOSJenkinsFastlaneTests;
			productName = IOSJenkinsFastlaneTests;
			productReference = 74D36F6E2D0A339A00613E1A /* IOSJenkinsFastlaneTests.xctest */;
			productType = "com.apple.product-type.bundle.unit-test";
		};
		74D36F772D0A339A00613E1A /* IOSJenkinsFastlaneUITests */ = {
			isa = PBXNativeTarget;
			buildConfigurationList = 74D36F892D0A339A00613E1A /* Build configuration list for PBXNativeTarget "IOSJenkinsFastlaneUITests" */;
			buildPhases = (
				B916781076397B27052B4CEF /* [CP] Check Pods Manifest.lock */,
				74D36F742D0A339A00613E1A /* Sources */,
				74D36F752D0A339A00613E1A /* Frameworks */,
				74D36F762D0A339A00613E1A /* Resources */,
			);
			buildRules = (
			);
			dependencies = (
				74D36F7A2D0A339A00613E1A /* PBXTargetDependency */,
			);
			fileSystemSynchronizedGroups = (
				74D36F7B2D0A339A00613E1A /* IOSJenkinsFastlaneUITests */,
			);
			name = IOSJenkinsFastlaneUITests;
			productName = IOSJenkinsFastlaneUITests;
			productReference = 74D36F782D0A339A00613E1A /* IOSJenkinsFastlaneUITests.xctest */;
			productType = "com.apple.product-type.bundle.ui-testing";
		};
/* End PBXNativeTarget section */

/* Begin PBXProject section */
		74D36F502D0A339700613E1A /* Project object */ = {
			isa = PBXProject;
			attributes = {
				BuildIndependentTargetsInParallel = 1;
				LastSwiftUpdateCheck = 1610;
				LastUpgradeCheck = 1610;
				TargetAttributes = {
					74D36F572D0A339700613E1A = {
						CreatedOnToolsVersion = 16.1;
					};
					74D36F6D2D0A339A00613E1A = {
						CreatedOnToolsVersion = 16.1;
						TestTargetID = 74D36F572D0A339700613E1A;
					};
					74D36F772D0A339A00613E1A = {
						CreatedOnToolsVersion = 16.1;
						TestTargetID = 74D36F572D0A339700613E1A;
					};
				};
			};
			buildConfigurationList = 74D36F532D0A339700613E1A /* Build configuration list for PBXProject "IOSJenkinsFastlane" */;
			developmentRegion = en;
			hasScannedForEncodings = 0;
			knownRegions = (
				en,
				Base,
			);
			mainGroup = 74D36F4F2D0A339700613E1A;
			minimizedProjectReferenceProxies = 1;
			preferredProjectObjectVersion = 77;
			productRefGroup = 74D36F592D0A339700613E1A /* Products */;
			projectDirPath = "";
			projectRoot = "";
			targets = (
				74D36F572D0A339700613E1A /* IOSJenkinsFastlane */,
				74D36F6D2D0A339A00613E1A /* IOSJenkinsFastlaneTests */,
				74D36F772D0A339A00613E1A /* IOSJenkinsFastlaneUITests */,
			);
		};
/* End PBXProject section */

/* Begin PBXResourcesBuildPhase section */
		74D36F562D0A339700613E1A /* Resources */ = {
			isa = PBXResourcesBuildPhase;
			buildActionMask = 2147483647;
			files = (
			);
			runOnlyForDeploymentPostprocessing = 0;
		};
		74D36F6C2D0A339A00613E1A /* Resources */ = {
			isa = PBXResourcesBuildPhase;
			buildActionMask = 2147483647;
			files = (
			);
			runOnlyForDeploymentPostprocessing = 0;
		};
		74D36F762D0A339A00613E1A /* Resources */ = {
			isa = PBXResourcesBuildPhase;
			buildActionMask = 2147483647;
			files = (
			);
			runOnlyForDeploymentPostprocessing = 0;
		};
/* End PBXResourcesBuildPhase section */

/* Begin PBXShellScriptBuildPhase section */
		477CC26E85643DAD8A9D506C /* [CP] Check Pods Manifest.lock */ = {
			isa = PBXShellScriptBuildPhase;
			buildActionMask = 2147483647;
			files = (
			);
			inputFileListPaths = (
			);
			inputPaths = (
				"${PODS_PODFILE_DIR_PATH}/Podfile.lock",
				"${PODS_ROOT}/Manifest.lock",
			);
			name = "[CP] Check Pods Manifest.lock";
			outputFileListPaths = (
			);
			outputPaths = (
				"$(DERIVED_FILE_DIR)/Pods-IOSJenkinsFastlane-checkManifestLockResult.txt",
			);
			runOnlyForDeploymentPostprocessing = 0;
			shellPath = /bin/sh;
			shellScript = "diff \"${PODS_PODFILE_DIR_PATH}/Podfile.lock\" \"${PODS_ROOT}/Manifest.lock\" > /dev/null\nif [ $? != 0 ] ; then\n    # print error to STDERR\n    echo \"error: The sandbox is not in sync with the Podfile.lock. Run 'pod install' or update your CocoaPods installation.\" >&2\n    exit 1\nfi\n# This output is used by Xcode 'outputs' to avoid re-running this script phase.\necho \"SUCCESS\" > \"${SCRIPT_OUTPUT_FILE_0}\"\n";
			showEnvVarsInLog = 0;
		};
		4CA427FF49AE452B4B97EC55 /* [CP] Check Pods Manifest.lock */ = {
			isa = PBXShellScriptBuildPhase;
			buildActionMask = 2147483647;
			files = (
			);
			inputFileListPaths = (
			);
			inputPaths = (
				"${PODS_PODFILE_DIR_PATH}/Podfile.lock",
				"${PODS_ROOT}/Manifest.lock",
			);
			name = "[CP] Check Pods Manifest.lock";
			outputFileListPaths = (
			);
			outputPaths = (
				"$(DERIVED_FILE_DIR)/Pods-IOSJenkinsFastlaneTests-checkManifestLockResult.txt",
			);
			runOnlyForDeploymentPostprocessing = 0;
			shellPath = /bin/sh;
			shellScript = "diff \"${PODS_PODFILE_DIR_PATH}/Podfile.lock\" \"${PODS_ROOT}/Manifest.lock\" > /dev/null\nif [ $? != 0 ] ; then\n    # print error to STDERR\n    echo \"error: The sandbox is not in sync with the Podfile.lock. Run 'pod install' or update your CocoaPods installation.\" >&2\n    exit 1\nfi\n# This output is used by Xcode 'outputs' to avoid re-running this script phase.\necho \"SUCCESS\" > \"${SCRIPT_OUTPUT_FILE_0}\"\n";
			showEnvVarsInLog = 0;
		};
		B916781076397B27052B4CEF /* [CP] Check Pods Manifest.lock */ = {
			isa = PBXShellScriptBuildPhase;
			buildActionMask = 2147483647;
			files = (
			);
			inputFileListPaths = (
			);
			inputPaths = (
				"${PODS_PODFILE_DIR_PATH}/Podfile.lock",
				"${PODS_ROOT}/Manifest.lock",
			);
			name = "[CP] Check Pods Manifest.lock";
			outputFileListPaths = (
			);
			outputPaths = (
				"$(DERIVED_FILE_DIR)/Pods-IOSJenkinsFastlane-IOSJenkinsFastlaneUITests-checkManifestLockResult.txt",
			);
			runOnlyForDeploymentPostprocessing = 0;
			shellPath = /bin/sh;
			shellScript = "diff \"${PODS_PODFILE_DIR_PATH}/Podfile.lock\" \"${PODS_ROOT}/Manifest.lock\" > /dev/null\nif [ $? != 0 ] ; then\n    # print error to STDERR\n    echo \"error: The sandbox is not in sync with the Podfile.lock. Run 'pod install' or update your CocoaPods installation.\" >&2\n    exit 1\nfi\n# This output is used by Xcode 'outputs' to avoid re-running this script phase.\necho \"SUCCESS\" > \"${SCRIPT_OUTPUT_FILE_0}\"\n";
			showEnvVarsInLog = 0;
		};
/* End PBXShellScriptBuildPhase section */

/* Begin PBXSourcesBuildPhase section */
		74D36F542D0A339700613E1A /* Sources */ = {
			isa = PBXSourcesBuildPhase;
			buildActionMask = 2147483647;
			files = (
			);
			runOnlyForDeploymentPostprocessing = 0;
		};
		74D36F6A2D0A339A00613E1A /* Sources */ = {
			isa = PBXSourcesBuildPhase;
			buildActionMask = 2147483647;
			files = (
			);
			runOnlyForDeploymentPostprocessing = 0;
		};
		74D36F742D0A339A00613E1A /* Sources */ = {
			isa = PBXSourcesBuildPhase;
			buildActionMask = 2147483647;
			files = (
			);
			runOnlyForDeploymentPostprocessing = 0;
		};
/* End PBXSourcesBuildPhase section */

/* Begin PBXTargetDependency section */
		74D36F702D0A339A00613E1A /* PBXTargetDependency */ = {
			isa = PBXTargetDependency;
			target = 74D36F572D0A339700613E1A /* IOSJenkinsFastlane */;
			targetProxy = 74D36F6F2D0A339A00613E1A /* PBXContainerItemProxy */;
		};
		74D36F7A2D0A339A00613E1A /* PBXTargetDependency */ = {
			isa = PBXTargetDependency;
			target = 74D36F572D0A339700613E1A /* IOSJenkinsFastlane */;
			targetProxy = 74D36F792D0A339A00613E1A /* PBXContainerItemProxy */;
		};
/* End PBXTargetDependency section */

/* Begin XCBuildConfiguration section */
		74D36F822D0A339A00613E1A /* Debug */ = {
			isa = XCBuildConfiguration;
			baseConfigurationReference = B8BEFA253D43D569F4F43C96 /* Pods-IOSJenkinsFastlane.debug.xcconfig */;
			buildSettings = {
				ASSETCATALOG_COMPILER_APPICON_NAME = AppIcon;
				ASSETCATALOG_COMPILER_GLOBAL_ACCENT_COLOR_NAME = AccentColor;
				CODE_SIGN_STYLE = Automatic;
				CURRENT_PROJECT_VERSION = 1;
				DEVELOPMENT_TEAM = Z5CTNMQMC3;
				GENERATE_INFOPLIST_FILE = YES;
				INFOPLIST_FILE = IOSJenkinsFastlane/Info.plist;
				INFOPLIST_KEY_UIApplicationSupportsIndirectInputEvents = YES;
				INFOPLIST_KEY_UILaunchStoryboardName = LaunchScreen;
				INFOPLIST_KEY_UIMainStoryboardFile = Main;
				INFOPLIST_KEY_UISupportedInterfaceOrientations_iPad = "UIInterfaceOrientationPortrait UIInterfaceOrientationPortraitUpsideDown UIInterfaceOrientationLandscapeLeft UIInterfaceOrientationLandscapeRight";
				INFOPLIST_KEY_UISupportedInterfaceOrientations_iPhone = "UIInterfaceOrientationPortrait UIInterfaceOrientationLandscapeLeft UIInterfaceOrientationLandscapeRight";
				LD_RUNPATH_SEARCH_PATHS = (
					"$(inherited)",
					"@executable_path/Frameworks",
				);
				MARKETING_VERSION = 1.0;
				PRODUCT_BUNDLE_IDENTIFIER = id.yozi.IOSJenkinsFastlane;
				PRODUCT_NAME = "$(TARGET_NAME)";
				SWIFT_EMIT_LOC_STRINGS = YES;
				SWIFT_VERSION = 5.0;
				TARGETED_DEVICE_FAMILY = "1,2";
			};
			name = Debug;
		};
		74D36F832D0A339A00613E1A /* Release */ = {
			isa = XCBuildConfiguration;
			baseConfigurationReference = F7484E47F03ACCB421E20908 /* Pods-IOSJenkinsFastlane.release.xcconfig */;
			buildSettings = {
				ASSETCATALOG_COMPILER_APPICON_NAME = AppIcon;
				ASSETCATALOG_COMPILER_GLOBAL_ACCENT_COLOR_NAME = AccentColor;
				CODE_SIGN_STYLE = Automatic;
				CURRENT_PROJECT_VERSION = 1;
				DEVELOPMENT_TEAM = Z5CTNMQMC3;
				GENERATE_INFOPLIST_FILE = YES;
				INFOPLIST_FILE = IOSJenkinsFastlane/Info.plist;
				INFOPLIST_KEY_UIApplicationSupportsIndirectInputEvents = YES;
				INFOPLIST_KEY_UILaunchStoryboardName = LaunchScreen;
				INFOPLIST_KEY_UIMainStoryboardFile = Main;
				INFOPLIST_KEY_UISupportedInterfaceOrientations_iPad = "UIInterfaceOrientationPortrait UIInterfaceOrientationPortraitUpsideDown UIInterfaceOrientationLandscapeLeft UIInterfaceOrientationLandscapeRight";
				INFOPLIST_KEY_UISupportedInterfaceOrientations_iPhone = "UIInterfaceOrientationPortrait UIInterfaceOrientationLandscapeLeft UIInterfaceOrientationLandscapeRight";
				LD_RUNPATH_SEARCH_PATHS = (
					"$(inherited)",
					"@executable_path/Frameworks",
				);
				MARKETING_VERSION = 1.0;
				PRODUCT_BUNDLE_IDENTIFIER = id.yozi.IOSJenkinsFastlane;
				PRODUCT_NAME = "$(TARGET_NAME)";
				SWIFT_EMIT_LOC_STRINGS = YES;
				SWIFT_VERSION = 5.0;
				TARGETED_DEVICE_FAMILY = "1,2";
			};
			name = Release;
		};
		74D36F842D0A339A00613E1A /* Debug */ = {
			isa = XCBuildConfiguration;
			buildSettings = {
				ALWAYS_SEARCH_USER_PATHS = NO;
				ASSETCATALOG_COMPILER_GENERATE_SWIFT_ASSET_SYMBOL_EXTENSIONS = YES;
				CLANG_ANALYZER_NONNULL = YES;
				CLANG_ANALYZER_NUMBER_OBJECT_CONVERSION = YES_AGGRESSIVE;
				CLANG_CXX_LANGUAGE_STANDARD = "gnu++20";
				CLANG_ENABLE_MODULES = YES;
				CLANG_ENABLE_OBJC_ARC = YES;
				CLANG_ENABLE_OBJC_WEAK = YES;
				CLANG_WARN_BLOCK_CAPTURE_AUTORELEASING = YES;
				CLANG_WARN_BOOL_CONVERSION = YES;
				CLANG_WARN_COMMA = YES;
				CLANG_WARN_CONSTANT_CONVERSION = YES;
				CLANG_WARN_DEPRECATED_OBJC_IMPLEMENTATIONS = YES;
				CLANG_WARN_DIRECT_OBJC_ISA_USAGE = YES_ERROR;
				CLANG_WARN_DOCUMENTATION_COMMENTS = YES;
				CLANG_WARN_EMPTY_BODY = YES;
				CLANG_WARN_ENUM_CONVERSION = YES;
				CLANG_WARN_INFINITE_RECURSION = YES;
				CLANG_WARN_INT_CONVERSION = YES;
				CLANG_WARN_NON_LITERAL_NULL_CONVERSION = YES;
				CLANG_WARN_OBJC_IMPLICIT_RETAIN_SELF = YES;
				CLANG_WARN_OBJC_LITERAL_CONVERSION = YES;
				CLANG_WARN_OBJC_ROOT_CLASS = YES_ERROR;
				CLANG_WARN_QUOTED_INCLUDE_IN_FRAMEWORK_HEADER = YES;
				CLANG_WARN_RANGE_LOOP_ANALYSIS = YES;
				CLANG_WARN_STRICT_PROTOTYPES = YES;
				CLANG_WARN_SUSPICIOUS_MOVE = YES;
				CLANG_WARN_UNGUARDED_AVAILABILITY = YES_AGGRESSIVE;
				CLANG_WARN_UNREACHABLE_CODE = YES;
				CLANG_WARN__DUPLICATE_METHOD_MATCH = YES;
				COPY_PHASE_STRIP = NO;
				DEBUG_INFORMATION_FORMAT = dwarf;
				ENABLE_STRICT_OBJC_MSGSEND = YES;
				ENABLE_TESTABILITY = YES;
				ENABLE_USER_SCRIPT_SANDBOXING = YES;
				GCC_C_LANGUAGE_STANDARD = gnu17;
				GCC_DYNAMIC_NO_PIC = NO;
				GCC_NO_COMMON_BLOCKS = YES;
				GCC_OPTIMIZATION_LEVEL = 0;
				GCC_PREPROCESSOR_DEFINITIONS = (
					"DEBUG=1",
					"$(inherited)",
				);
				GCC_WARN_64_TO_32_BIT_CONVERSION = YES;
				GCC_WARN_ABOUT_RETURN_TYPE = YES_ERROR;
				GCC_WARN_UNDECLARED_SELECTOR = YES;
				GCC_WARN_UNINITIALIZED_AUTOS = YES_AGGRESSIVE;
				GCC_WARN_UNUSED_FUNCTION = YES;
				GCC_WARN_UNUSED_VARIABLE = YES;
				IPHONEOS_DEPLOYMENT_TARGET = 18.1;
				LOCALIZATION_PREFERS_STRING_CATALOGS = YES;
				MTL_ENABLE_DEBUG_INFO = INCLUDE_SOURCE;
				MTL_FAST_MATH = YES;
				ONLY_ACTIVE_ARCH = YES;
				SDKROOT = iphoneos;
				SWIFT_ACTIVE_COMPILATION_CONDITIONS = "DEBUG $(inherited)";
				SWIFT_OPTIMIZATION_LEVEL = "-Onone";
			};
			name = Debug;
		};
		74D36F852D0A339A00613E1A /* Release */ = {
			isa = XCBuildConfiguration;
			buildSettings = {
				ALWAYS_SEARCH_USER_PATHS = NO;
				ASSETCATALOG_COMPILER_GENERATE_SWIFT_ASSET_SYMBOL_EXTENSIONS = YES;
				CLANG_ANALYZER_NONNULL = YES;
				CLANG_ANALYZER_NUMBER_OBJECT_CONVERSION = YES_AGGRESSIVE;
				CLANG_CXX_LANGUAGE_STANDARD = "gnu++20";
				CLANG_ENABLE_MODULES = YES;
				CLANG_ENABLE_OBJC_ARC = YES;
				CLANG_ENABLE_OBJC_WEAK = YES;
				CLANG_WARN_BLOCK_CAPTURE_AUTORELEASING = YES;
				CLANG_WARN_BOOL_CONVERSION = YES;
				CLANG_WARN_COMMA = YES;
				CLANG_WARN_CONSTANT_CONVERSION = YES;
				CLANG_WARN_DEPRECATED_OBJC_IMPLEMENTATIONS = YES;
				CLANG_WARN_DIRECT_OBJC_ISA_USAGE = YES_ERROR;
				CLANG_WARN_DOCUMENTATION_COMMENTS = YES;
				CLANG_WARN_EMPTY_BODY = YES;
				CLANG_WARN_ENUM_CONVERSION = YES;
				CLANG_WARN_INFINITE_RECURSION = YES;
				CLANG_WARN_INT_CONVERSION = YES;
				CLANG_WARN_NON_LITERAL_NULL_CONVERSION = YES;
				CLANG_WARN_OBJC_IMPLICIT_RETAIN_SELF = YES;
				CLANG_WARN_OBJC_LITERAL_CONVERSION = YES;
				CLANG_WARN_OBJC_ROOT_CLASS = YES_ERROR;
				CLANG_WARN_QUOTED_INCLUDE_IN_FRAMEWORK_HEADER = YES;
				CLANG_WARN_RANGE_LOOP_ANALYSIS = YES;
				CLANG_WARN_STRICT_PROTOTYPES = YES;
				CLANG_WARN_SUSPICIOUS_MOVE = YES;
				CLANG_WARN_UNGUARDED_AVAILABILITY = YES_AGGRESSIVE;
				CLANG_WARN_UNREACHABLE_CODE = YES;
				CLANG_WARN__DUPLICATE_METHOD_MATCH = YES;
				COPY_PHASE_STRIP = NO;
				DEBUG_INFORMATION_FORMAT = "dwarf-with-dsym";
				ENABLE_NS_ASSERTIONS = NO;
				ENABLE_STRICT_OBJC_MSGSEND = YES;
				ENABLE_USER_SCRIPT_SANDBOXING = YES;
				GCC_C_LANGUAGE_STANDARD = gnu17;
				GCC_NO_COMMON_BLOCKS = YES;
				GCC_WARN_64_TO_32_BIT_CONVERSION = YES;
				GCC_WARN_ABOUT_RETURN_TYPE = YES_ERROR;
				GCC_WARN_UNDECLARED_SELECTOR = YES;
				GCC_WARN_UNINITIALIZED_AUTOS = YES_AGGRESSIVE;
				GCC_WARN_UNUSED_FUNCTION = YES;
				GCC_WARN_UNUSED_VARIABLE = YES;
				IPHONEOS_DEPLOYMENT_TARGET = 18.1;
				LOCALIZATION_PREFERS_STRING_CATALOGS = YES;
				MTL_ENABLE_DEBUG_INFO = NO;
				MTL_FAST_MATH = YES;
				SDKROOT = iphoneos;
				SWIFT_COMPILATION_MODE = wholemodule;
				VALIDATE_PRODUCT = YES;
			};
			name = Release;
		};
		74D36F872D0A339A00613E1A /* Debug */ = {
			isa = XCBuildConfiguration;
			baseConfigurationReference = 430B6795DEC016D111FF18AF /* Pods-IOSJenkinsFastlaneTests.debug.xcconfig */;
			buildSettings = {
				BUNDLE_LOADER = "$(TEST_HOST)";
				CODE_SIGN_STYLE = Automatic;
				CURRENT_PROJECT_VERSION = 1;
				DEVELOPMENT_TEAM = Z5CTNMQMC3;
				GENERATE_INFOPLIST_FILE = YES;
				IPHONEOS_DEPLOYMENT_TARGET = 18.1;
				MARKETING_VERSION = 1.0;
				PRODUCT_BUNDLE_IDENTIFIER = id.yozi.IOSJenkinsFastlaneTests;
				PRODUCT_NAME = "$(TARGET_NAME)";
				SWIFT_EMIT_LOC_STRINGS = NO;
				SWIFT_VERSION = 5.0;
				TARGETED_DEVICE_FAMILY = "1,2";
				TEST_HOST = "$(BUILT_PRODUCTS_DIR)/IOSJenkinsFastlane.app/$(BUNDLE_EXECUTABLE_FOLDER_PATH)/IOSJenkinsFastlane";
			};
			name = Debug;
		};
		74D36F882D0A339A00613E1A /* Release */ = {
			isa = XCBuildConfiguration;
			baseConfigurationReference = 8C822F4FCCA0A8CEADEB19AF /* Pods-IOSJenkinsFastlaneTests.release.xcconfig */;
			buildSettings = {
				BUNDLE_LOADER = "$(TEST_HOST)";
				CODE_SIGN_STYLE = Automatic;
				CURRENT_PROJECT_VERSION = 1;
				DEVELOPMENT_TEAM = Z5CTNMQMC3;
				GENERATE_INFOPLIST_FILE = YES;
				IPHONEOS_DEPLOYMENT_TARGET = 18.1;
				MARKETING_VERSION = 1.0;
				PRODUCT_BUNDLE_IDENTIFIER = id.yozi.IOSJenkinsFastlaneTests;
				PRODUCT_NAME = "$(TARGET_NAME)";
				SWIFT_EMIT_LOC_STRINGS = NO;
				SWIFT_VERSION = 5.0;
				TARGETED_DEVICE_FAMILY = "1,2";
				TEST_HOST = "$(BUILT_PRODUCTS_DIR)/IOSJenkinsFastlane.app/$(BUNDLE_EXECUTABLE_FOLDER_PATH)/IOSJenkinsFastlane";
			};
			name = Release;
		};
		74D36F8A2D0A339A00613E1A /* Debug */ = {
			isa = XCBuildConfiguration;
			baseConfigurationReference = E1386893FCEB6EBA62EE5D65 /* Pods-IOSJenkinsFastlane-IOSJenkinsFastlaneUITests.debug.xcconfig */;
			buildSettings = {
				CODE_SIGN_STYLE = Automatic;
				CURRENT_PROJECT_VERSION = 1;
				DEVELOPMENT_TEAM = Z5CTNMQMC3;
				GENERATE_INFOPLIST_FILE = YES;
				MARKETING_VERSION = 1.0;
				PRODUCT_BUNDLE_IDENTIFIER = id.yozi.IOSJenkinsFastlaneUITests;
				PRODUCT_NAME = "$(TARGET_NAME)";
				SWIFT_EMIT_LOC_STRINGS = NO;
				SWIFT_VERSION = 5.0;
				TARGETED_DEVICE_FAMILY = "1,2";
				TEST_TARGET_NAME = IOSJenkinsFastlane;
			};
			name = Debug;
		};
		74D36F8B2D0A339A00613E1A /* Release */ = {
			isa = XCBuildConfiguration;
			baseConfigurationReference = 0257AAD99A777A1642DFF234 /* Pods-IOSJenkinsFastlane-IOSJenkinsFastlaneUITests.release.xcconfig */;
			buildSettings = {
				CODE_SIGN_STYLE = Automatic;
				CURRENT_PROJECT_VERSION = 1;
				DEVELOPMENT_TEAM = Z5CTNMQMC3;
				GENERATE_INFOPLIST_FILE = YES;
				MARKETING_VERSION = 1.0;
				PRODUCT_BUNDLE_IDENTIFIER = id.yozi.IOSJenkinsFastlaneUITests;
				PRODUCT_NAME = "$(TARGET_NAME)";
				SWIFT_EMIT_LOC_STRINGS = NO;
				SWIFT_VERSION = 5.0;
				TARGETED_DEVICE_FAMILY = "1,2";
				TEST_TARGET_NAME = IOSJenkinsFastlane;
			};
			name = Release;
		};
/* End XCBuildConfiguration section */

/* Begin XCConfigurationList section */
		74D36F532D0A339700613E1A /* Build configuration list for PBXProject "IOSJenkinsFastlane" */ = {
			isa = XCConfigurationList;
			buildConfigurations = (
				74D36F842D0A339A00613E1A /* Debug */,
				74D36F852D0A339A00613E1A /* Release */,
			);
			defaultConfigurationIsVisible = 0;
			defaultConfigurationName = Release;
		};
		74D36F812D0A339A00613E1A /* Build configuration list for PBXNativeTarget "IOSJenkinsFastlane" */ = {
			isa = XCConfigurationList;
			buildConfigurations = (
				74D36F822D0A339A00613E1A /* Debug */,
				74D36F832D0A339A00613E1A /* Release */,
			);
			defaultConfigurationIsVisible = 0;
			defaultConfigurationName = Release;
		};
		74D36F862D0A339A00613E1A /* Build configuration list for PBXNativeTarget "IOSJenkinsFastlaneTests" */ = {
			isa = XCConfigurationList;
			buildConfigurations = (
				74D36F872D0A339A00613E1A /* Debug */,
				74D36F882D0A339A00613E1A /* Release */,
			);
			defaultConfigurationIsVisible = 0;
			defaultConfigurationName = Release;
		};
		74D36F892D0A339A00613E1A /* Build configuration list for PBXNativeTarget "IOSJenkinsFastlaneUITests" */ = {
			isa = XCConfigurationList;
			buildConfigurations = (
				74D36F8A2D0A339A00613E1A /* Debug */,
				74D36F8B2D0A339A00613E1A /* Release */,
			);
			defaultConfigurationIsVisible = 0;
			defaultConfigurationName = Release;
		};
/* End XCConfigurationList section */
	};
	rootObject = 74D36F502D0A339700613E1A /* Project object */;
}
